
Microsoft Visual Studio Solution File, Format Version 12.00
# Visual Studio Version 16
VisualStudioVersion = 16.0.32126.315
MinimumVisualStudioVersion = 10.0.40219.1
Project("{FAE04EC0-301F-11D3-BF4B-00C04F79EFBC}") = "prework_collections_fibonacci", "prework_collections_fibonacci\prework_collections_fibonacci.csproj", "{5ED60519-DB18-4F1F-884F-482E4CEFFCA7}"
EndProject
Global
	GlobalSection(SolutionConfigurationPlatforms) = preSolution
		Debug|Any CPU = Debug|Any CPU
		Release|Any CPU = Release|Any CPU
	EndGlobalSection
	GlobalSection(ProjectConfigurationPlatforms) = postSolution
		{5ED60519-DB18-4F1F-884F-482E4CEFFCA7}.Debug|Any CPU.ActiveCfg = Debug|Any CPU
		{5ED60519-DB18-4F1F-884F-482E4CEFFCA7}.Debug|Any CPU.Build.0 = Debug|Any CPU
		{5ED60519-DB18-4F1F-884F-482E4CEFFCA7}.Release|Any CPU.ActiveCfg = Release|Any CPU
		{5ED60519-DB18-4F1F-884F-482E4CEFFCA7}.Release|Any CPU.Build.0 = Release|Any CPU
	EndGlobalSection
	GlobalSection(SolutionProperties) = preSolution
		HideSolutionNode = FALSE
	EndGlobalSection
	GlobalSection(ExtensibilityGlobals) = postSolution
		SolutionGuid = {3D92C27D-882E-47BA-9318-89DB86657D42}
	EndGlobalSection
EndGlobal
